
Microsoft Visual Studio Solution File, Format Version 12.00
# Visual Studio Version 16
VisualStudioVersion = 16.0.31729.503
MinimumVisualStudioVersion = 10.0.40219.1
Project("{FAE04EC0-301F-11D3-BF4B-00C04F79EFBC}") = "Test", "Test\Test.csproj", "{A8392AD2-21CA-4859-94F4-CA5D6570E93F}"
EndProject
Global
	GlobalSection(SolutionConfigurationPlatforms) = preSolution
		Debug|Any CPU = Debug|Any CPU
		Release|Any CPU = Release|Any CPU
	EndGlobalSection
	GlobalSection(ProjectConfigurationPlatforms) = postSolution
		{A8392AD2-21CA-4859-94F4-CA5D6570E93F}.Debug|Any CPU.ActiveCfg = Debug|Any CPU
		{A8392AD2-21CA-4859-94F4-CA5D6570E93F}.Debug|Any CPU.Build.0 = Debug|Any CPU
		{A8392AD2-21CA-4859-94F4-CA5D6570E93F}.Release|Any CPU.ActiveCfg = Release|Any CPU
		{A8392AD2-21CA-4859-94F4-CA5D6570E93F}.Release|Any CPU.Build.0 = Release|Any CPU
	EndGlobalSection
	GlobalSection(SolutionProperties) = preSolution
		HideSolutionNode = FALSE
	EndGlobalSection
	GlobalSection(ExtensibilityGlobals) = postSolution
		SolutionGuid = {260ED947-288A-44E2-BA72-60D70AA1EEA3}
	EndGlobalSection
EndGlobal
